
Microsoft Visual Studio Solution File, Format Version 12.00
# Visual Studio Version 16
VisualStudioVersion = 16.0.29709.97
MinimumVisualStudioVersion = 10.0.40219.1
Project("{FAE04EC0-301F-11D3-BF4B-00C04F79EFBC}") = "FutureValue", "FutureValue\FutureValue.csproj", "{AB9B272C-5DC6-4C9C-8577-6866348BC70A}"
EndProject
Global
	GlobalSection(SolutionConfigurationPlatforms) = preSolution
		Debug|Any CPU = Debug|Any CPU
		Release|Any CPU = Release|Any CPU
	EndGlobalSection
	GlobalSection(ProjectConfigurationPlatforms) = postSolution
		{AB9B272C-5DC6-4C9C-8577-6866348BC70A}.Debug|Any CPU.ActiveCfg = Debug|Any CPU
		{AB9B272C-5DC6-4C9C-8577-6866348BC70A}.Debug|Any CPU.Build.0 = Debug|Any CPU
		{AB9B272C-5DC6-4C9C-8577-6866348BC70A}.Release|Any CPU.ActiveCfg = Release|Any CPU
		{AB9B272C-5DC6-4C9C-8577-6866348BC70A}.Release|Any CPU.Build.0 = Release|Any CPU
	EndGlobalSection
	GlobalSection(SolutionProperties) = preSolution
		HideSolutionNode = FALSE
	EndGlobalSection
	GlobalSection(ExtensibilityGlobals) = postSolution
		SolutionGuid = {01608794-0DD9-4A84-BDE4-48D4D2ABCAFC}
	EndGlobalSection
EndGlobal
